
Microsoft Visual Studio Solution File, Format Version 12.00
# Visual Studio 2013
VisualStudioVersion = 12.0.21005.1
MinimumVisualStudioVersion = 10.0.40219.1
Project("{8BC9CEB8-8B4A-11D0-8D11-00A0C91BC942}") = "TinyWindow", "TinyWindow\TinyWindow.vcxproj", "{F96F6A01-276C-4A2E-8BA0-339D8A0CA0FB}"
EndProject
Global
	GlobalSection(SolutionConfigurationPlatforms) = preSolution
		Debug|Win32 = Debug|Win32
		Release|Win32 = Release|Win32
	EndGlobalSection
	GlobalSection(ProjectConfigurationPlatforms) = postSolution
		{F96F6A01-276C-4A2E-8BA0-339D8A0CA0FB}.Debug|Win32.ActiveCfg = Debug|Win32
		{F96F6A01-276C-4A2E-8BA0-339D8A0CA0FB}.Debug|Win32.Build.0 = Debug|Win32
		{F96F6A01-276C-4A2E-8BA0-339D8A0CA0FB}.Release|Win32.ActiveCfg = Release|Win32
		{F96F6A01-276C-4A2E-8BA0-339D8A0CA0FB}.Release|Win32.Build.0 = Release|Win32
	EndGlobalSection
	GlobalSection(SolutionProperties) = preSolution
		HideSolutionNode = FALSE
	EndGlobalSection
EndGlobal
