<?xml version="1.0" encoding="utf-8"?>
<Project ToolsVersion="4.0" xmlns="http://schemas.microsoft.com/developer/msbuild/2003">
  <ItemGroup>
    <Filter Include="Source Files">
      <UniqueIdentifier>{4FC737F1-C7A5-4376-A066-2A32D752A2FF}</UniqueIdentifier>
      <Extensions>cpp;c;cc;cxx;def;odl;idl;hpj;bat;asm;asmx</Extensions>
    </Filter>
    <Filter Include="Header Files">
      <UniqueIdentifier>{93995380-89BD-4b04-88EB-625FBE52EBFB}</UniqueIdentifier>
      <Extensions>h;hh;hpp;hxx;hm;inl;inc;xsd</Extensions>
    </Filter>
    <Filter Include="Source Files\libc">
      <UniqueIdentifier>{14888a9f-5934-49c0-a905-f992e989e979}</UniqueIdentifier>
    </Filter>
    <Filter Include="hpp">
      <UniqueIdentifier>{d7a7e0d2-d752-48af-92b2-bd6e9b6db612}</UniqueIdentifier>
    </Filter>
    <Filter Include="unified">
      <UniqueIdentifier>{e22355bb-80f1-40a9-b263-2c9c730ab978}</UniqueIdentifier>
    </Filter>
    <Filter Include="Source Files\nanogui">
      <UniqueIdentifier>{a4701faf-fd6e-491c-9149-8400c84e1173}</UniqueIdentifier>
    </Filter>
    <Filter Include="Header Files\nanogui">
      <UniqueIdentifier>{8b26c1c1-5b2c-4a0a-9e77-36c95a694b62}</UniqueIdentifier>
    </Filter>
    <Filter Include="Header Files\glfw">
      <UniqueIdentifier>{efd23ca1-c868-4625-9e04-7345592e83fe}</UniqueIdentifier>
    </Filter>
    <Filter Include="Source Files\src_libs">
      <UniqueIdentifier>{20d17ab6-8a23-408f-8af9-ae20a07caa32}</UniqueIdentifier>
    </Filter>
    <Filter Include="hpp\SerialFiles">
      <UniqueIdentifier>{a49c91f6-dec7-4d50-8bbb-801e9a0dffcb}</UniqueIdentifier>
    </Filter>
  </ItemGroup>
  <ItemGroup>
    <ClInclude Include="..\no_rt_util.h">
      <Filter>Header Files</Filter>
    </ClInclude>
    <ClInclude Include="..\VizData.hpp">
      <Filter>hpp</Filter>
    </ClInclude>
    <ClInclude Include="..\VizGen.hpp">
      <Filter>hpp</Filter>
    </ClInclude>
    <ClInclude Include="..\VizTfm.hpp">
      <Filter>hpp</Filter>
    </ClInclude>
    <ClInclude Include="..\glfw_3.2.1.h">
      <Filter>Source Files\src_libs</Filter>
    </ClInclude>
    <ClInclude Include="..\glew_2.0.0.h">
      <Filter>Source Files\src_libs</Filter>
    </ClInclude>
    <ClInclude Include="..\IndexedVerts.h">
      <Filter>unified</Filter>
    </ClInclude>
    <ClInclude Include="..\glfw3native.h">
      <Filter>Header Files\glfw</Filter>
    </ClInclude>
    <ClInclude Include="..\glfw3.h">
      <Filter>Header Files\glfw</Filter>
    </ClInclude>
    <ClInclude Include="..\nanogui\include\nanogui_resources.h">
      <Filter>Header Files\nanogui</Filter>
    </ClInclude>
    <ClInclude Include="..\nanogui\include\stb_image.h">
      <Filter>Header Files\nanogui</Filter>
    </ClInclude>
    <ClInclude Include="..\nanogui\include\stb_truetype.h">
      <Filter>Header Files\nanogui</Filter>
    </ClInclude>
    <ClInclude Include="..\VizDecl.h">
      <Filter>Header Files</Filter>
    </ClInclude>
  </ItemGroup>
  <ItemGroup>
    <ClCompile Include="..\unified.cpp">
      <Filter>Source Files</Filter>
    </ClCompile>
    <ClCompile Include="..\glfw.c">
      <Filter>Source Files</Filter>
    </ClCompile>
    <ClCompile Include="..\glew.c">
      <Filter>Source Files</Filter>
    </ClCompile>
    <ClCompile Include="..\main.cpp">
      <Filter>unified</Filter>
    </ClCompile>
    <ClCompile Include="..\nanogui\src\button.cpp">
      <Filter>Source Files\nanogui</Filter>
    </ClCompile>
    <ClCompile Include="..\nanogui\src\checkbox.cpp">
      <Filter>Source Files\nanogui</Filter>
    </ClCompile>
    <ClCompile Include="..\nanogui\src\colorpicker.cpp">
      <Filter>Source Files\nanogui</Filter>
    </ClCompile>
    <ClCompile Include="..\nanogui\src\colorwheel.cpp">
      <Filter>Source Files\nanogui</Filter>
    </ClCompile>
    <ClCompile Include="..\nanogui\src\combobox.cpp">
      <Filter>Source Files\nanogui</Filter>
    </ClCompile>
    <ClCompile Include="..\nanogui\src\common.cpp">
      <Filter>Source Files\nanogui</Filter>
    </ClCompile>
    <ClCompile Include="..\nanogui\src\glcanvas.cpp">
      <Filter>Source Files\nanogui</Filter>
    </ClCompile>
    <ClCompile Include="..\nanogui\src\glutil.cpp">
      <Filter>Source Files\nanogui</Filter>
    </ClCompile>
    <ClCompile Include="..\nanogui\src\graph.cpp">
      <Filter>Source Files\nanogui</Filter>
    </ClCompile>
    <ClCompile Include="..\nanogui\src\imagepanel.cpp">
      <Filter>Source Files\nanogui</Filter>
    </ClCompile>
    <ClCompile Include="..\nanogui\src\imageview.cpp">
      <Filter>Source Files\nanogui</Filter>
    </ClCompile>
    <ClCompile Include="..\nanogui\src\label.cpp">
      <Filter>Source Files\nanogui</Filter>
    </ClCompile>
    <ClCompile Include="..\nanogui\src\layout.cpp">
      <Filter>Source Files\nanogui</Filter>
    </ClCompile>
    <ClCompile Include="..\nanogui\src\messagedialog.cpp">
      <Filter>Source Files\nanogui</Filter>
    </ClCompile>
    <ClCompile Include="..\nanogui\src\popup.cpp">
      <Filter>Source Files\nanogui</Filter>
    </ClCompile>
    <ClCompile Include="..\nanogui\src\popupbutton.cpp">
      <Filter>Source Files\nanogui</Filter>
    </ClCompile>
    <ClCompile Include="..\nanogui\src\progressbar.cpp">
      <Filter>Source Files\nanogui</Filter>
    </ClCompile>
    <ClCompile Include="..\nanogui\src\screen.cpp">
      <Filter>Source Files\nanogui</Filter>
    </ClCompile>
    <ClCompile Include="..\nanogui\src\serializer.cpp">
      <Filter>Source Files\nanogui</Filter>
    </ClCompile>
    <ClCompile Include="..\nanogui\src\slider.cpp">
      <Filter>Source Files\nanogui</Filter>
    </ClCompile>
    <ClCompile Include="..\nanogui\src\stackedwidget.cpp">
      <Filter>Source Files\nanogui</Filter>
    </ClCompile>
    <ClCompile Include="..\nanogui\src\tabheader.cpp">
      <Filter>Source Files\nanogui</Filter>
    </ClCompile>
    <ClCompile Include="..\nanogui\src\tabwidget.cpp">
      <Filter>Source Files\nanogui</Filter>
    </ClCompile>
    <ClCompile Include="..\nanogui\src\textbox.cpp">
      <Filter>Source Files\nanogui</Filter>
    </ClCompile>
    <ClCompile Include="..\nanogui\src\theme.cpp">
      <Filter>Source Files\nanogui</Filter>
    </ClCompile>
    <ClCompile Include="..\nanogui\src\vscrollpanel.cpp">
      <Filter>Source Files\nanogui</Filter>
    </ClCompile>
    <ClCompile Include="..\nanogui\src\widget.cpp">
      <Filter>Source Files\nanogui</Filter>
    </ClCompile>
    <ClCompile Include="..\nanogui\src\window.cpp">
      <Filter>Source Files\nanogui</Filter>
    </ClCompile>
    <ClCompile Include="..\nanovg.c">
      <Filter>Source Files</Filter>
    </ClCompile>
    <ClCompile Include="..\Roboto-Regular.ttf.c">
      <Filter>hpp\SerialFiles</Filter>
    </ClCompile>
    <ClCompile Include="..\Roboto-Bold.ttf.c">
      <Filter>hpp\SerialFiles</Filter>
    </ClCompile>
    <ClCompile Include="..\entypo.ttf.c">
      <Filter>hpp\SerialFiles</Filter>
    </ClCompile>
  </ItemGroup>
</Project>