<?xml version="1.0" encoding="utf-8"?>
<Project ToolsVersion="4.0" xmlns="http://schemas.microsoft.com/developer/msbuild/2003">
  <ItemGroup>
    <Filter Include="Source Files">
      <UniqueIdentifier>{4FC737F1-C7A5-4376-A066-2A32D752A2FF}</UniqueIdentifier>
      <Extensions>cpp;c;cc;cxx;def;odl;idl;hpj;bat;asm;asmx</Extensions>
    </Filter>
    <Filter Include="Header Files">
      <UniqueIdentifier>{93995380-89BD-4b04-88EB-625FBE52EBFB}</UniqueIdentifier>
      <Extensions>h;hh;hpp;hxx;hm;inl;inc;xsd</Extensions>
    </Filter>
    <Filter Include="libh">
      <UniqueIdentifier>{c4768e6a-40b5-45b2-90a9-36cd6cdb8099}</UniqueIdentifier>
    </Filter>
    <Filter Include="hpp">
      <UniqueIdentifier>{596426ab-f120-4f4f-814d-e66299b805e1}</UniqueIdentifier>
    </Filter>
    <Filter Include="Source Files\libh">
      <UniqueIdentifier>{ebf7be5b-8478-4fc6-a440-80c180284a8a}</UniqueIdentifier>
    </Filter>
    <Filter Include="Source Files\libs">
      <UniqueIdentifier>{e2df391f-1db1-41d0-ab93-1c39becde07b}</UniqueIdentifier>
    </Filter>
    <Filter Include="Header Files\libs">
      <UniqueIdentifier>{c4607905-505b-4a58-90e9-43b23e88cd93}</UniqueIdentifier>
    </Filter>
    <Filter Include="Header Files\nanovg">
      <UniqueIdentifier>{94c495f8-72c2-4c6e-96fe-8b4260fa02c5}</UniqueIdentifier>
    </Filter>
    <Filter Include="Source Files\nanogui">
      <UniqueIdentifier>{26939ba1-0e01-43f4-a07d-70a2fc3bc8d8}</UniqueIdentifier>
    </Filter>
    <Filter Include="Source Files\unified">
      <UniqueIdentifier>{a55d09eb-6712-4ff5-b8dc-83653b78ee4e}</UniqueIdentifier>
    </Filter>
  </ItemGroup>
  <ItemGroup>
    <ClCompile Include="glew.c">
      <Filter>Source Files\libh</Filter>
    </ClCompile>
    <ClCompile Include="glfw.c">
      <Filter>Source Files\libh</Filter>
    </ClCompile>
    <ClCompile Include="Jzon.cpp">
      <Filter>Source Files\libs</Filter>
    </ClCompile>
    <ClCompile Include="nanogui\src\button.cpp">
      <Filter>Source Files\nanogui</Filter>
    </ClCompile>
    <ClCompile Include="nanogui\src\checkbox.cpp">
      <Filter>Source Files\nanogui</Filter>
    </ClCompile>
    <ClCompile Include="nanogui\src\colorpicker.cpp">
      <Filter>Source Files\nanogui</Filter>
    </ClCompile>
    <ClCompile Include="nanogui\src\colorwheel.cpp">
      <Filter>Source Files\nanogui</Filter>
    </ClCompile>
    <ClCompile Include="nanogui\src\combobox.cpp">
      <Filter>Source Files\nanogui</Filter>
    </ClCompile>
    <ClCompile Include="nanogui\src\common.cpp">
      <Filter>Source Files\nanogui</Filter>
    </ClCompile>
    <ClCompile Include="nanogui\src\glcanvas.cpp">
      <Filter>Source Files\nanogui</Filter>
    </ClCompile>
    <ClCompile Include="nanogui\src\glutil.cpp">
      <Filter>Source Files\nanogui</Filter>
    </ClCompile>
    <ClCompile Include="nanogui\src\graph.cpp">
      <Filter>Source Files\nanogui</Filter>
    </ClCompile>
    <ClCompile Include="nanogui\src\imagepanel.cpp">
      <Filter>Source Files\nanogui</Filter>
    </ClCompile>
    <ClCompile Include="nanogui\src\imageview.cpp">
      <Filter>Source Files\nanogui</Filter>
    </ClCompile>
    <ClCompile Include="nanogui\src\label.cpp">
      <Filter>Source Files\nanogui</Filter>
    </ClCompile>
    <ClCompile Include="nanogui\src\layout.cpp">
      <Filter>Source Files\nanogui</Filter>
    </ClCompile>
    <ClCompile Include="nanogui\src\messagedialog.cpp">
      <Filter>Source Files\nanogui</Filter>
    </ClCompile>
    <ClCompile Include="nanogui\src\popup.cpp">
      <Filter>Source Files\nanogui</Filter>
    </ClCompile>
    <ClCompile Include="nanogui\src\popupbutton.cpp">
      <Filter>Source Files\nanogui</Filter>
    </ClCompile>
    <ClCompile Include="nanogui\src\progressbar.cpp">
      <Filter>Source Files\nanogui</Filter>
    </ClCompile>
    <ClCompile Include="nanogui\src\serializer.cpp">
      <Filter>Source Files\nanogui</Filter>
    </ClCompile>
    <ClCompile Include="nanogui\src\slider.cpp">
      <Filter>Source Files\nanogui</Filter>
    </ClCompile>
    <ClCompile Include="nanogui\src\stackedwidget.cpp">
      <Filter>Source Files\nanogui</Filter>
    </ClCompile>
    <ClCompile Include="nanogui\src\tabheader.cpp">
      <Filter>Source Files\nanogui</Filter>
    </ClCompile>
    <ClCompile Include="nanogui\src\tabwidget.cpp">
      <Filter>Source Files\nanogui</Filter>
    </ClCompile>
    <ClCompile Include="nanogui\src\textbox.cpp">
      <Filter>Source Files\nanogui</Filter>
    </ClCompile>
    <ClCompile Include="nanogui\src\theme.cpp">
      <Filter>Source Files\nanogui</Filter>
    </ClCompile>
    <ClCompile Include="nanogui\src\vscrollpanel.cpp">
      <Filter>Source Files\nanogui</Filter>
    </ClCompile>
    <ClCompile Include="nanogui\src\widget.cpp">
      <Filter>Source Files\nanogui</Filter>
    </ClCompile>
    <ClCompile Include="nanogui\src\window.cpp">
      <Filter>Source Files\nanogui</Filter>
    </ClCompile>
    <ClCompile Include="nanovg_test.cpp">
      <Filter>Source Files\unified</Filter>
    </ClCompile>
    <ClCompile Include="unified.cpp">
      <Filter>Source Files\unified</Filter>
    </ClCompile>
    <ClCompile Include="nanogui\src\screen.cpp">
      <Filter>Source Files\unified</Filter>
    </ClCompile>
    <ClCompile Include="serial_files.c">
      <Filter>Source Files\unified</Filter>
    </ClCompile>
    <ClCompile Include="nfd_win.cpp">
      <Filter>Source Files\unified</Filter>
    </ClCompile>
    <ClCompile Include="nfd_common.c">
      <Filter>Source Files\unified</Filter>
    </ClCompile>
    <ClCompile Include="..\nanovg-master\src\nanovg.c">
      <Filter>Source Files\libs</Filter>
    </ClCompile>
  </ItemGroup>
  <ItemGroup>
    <ClInclude Include="glfw_3.2.1.h">
      <Filter>libh</Filter>
    </ClInclude>
    <ClInclude Include="glew_2.0.0.h">
      <Filter>libh</Filter>
    </ClInclude>
    <ClInclude Include="..\nanovg-master\example\demo.h">
      <Filter>Header Files</Filter>
    </ClInclude>
    <ClInclude Include="vec.hpp">
      <Filter>hpp</Filter>
    </ClInclude>
    <ClInclude Include="picojson.h">
      <Filter>Header Files</Filter>
    </ClInclude>
    <ClInclude Include="..\Transform.h">
      <Filter>Header Files</Filter>
    </ClInclude>
    <ClInclude Include="..\LavaNode.h">
      <Filter>Header Files</Filter>
    </ClInclude>
    <ClInclude Include="FissureDecl.h">
      <Filter>Header Files</Filter>
    </ClInclude>
    <ClInclude Include="..\nanovg-master\src\stb_truetype.h">
      <Filter>libh</Filter>
    </ClInclude>
    <ClInclude Include="..\nanovg-master\src\stb_image.h">
      <Filter>libh</Filter>
    </ClInclude>
    <ClInclude Include="..\nanovg-master\src\nanovg.h">
      <Filter>Header Files\nanovg</Filter>
    </ClInclude>
    <ClInclude Include="..\nanovg-master\src\nanovg_gl.h">
      <Filter>Header Files\nanovg</Filter>
    </ClInclude>
    <ClInclude Include="..\nanovg-master\src\nanovg_gl_utils.h">
      <Filter>Header Files\nanovg</Filter>
    </ClInclude>
    <ClInclude Include="..\nanovg-master\src\fontstash.h">
      <Filter>Header Files\nanovg</Filter>
    </ClInclude>
    <ClInclude Include="LavaFlow.hpp">
      <Filter>hpp</Filter>
    </ClInclude>
  </ItemGroup>
</Project>