<?xml version="1.0" encoding="utf-8"?>
<Project ToolsVersion="4.0" xmlns="http://schemas.microsoft.com/developer/msbuild/2003">
  <ItemGroup>
    <Filter Include="Source Files">
      <UniqueIdentifier>{4FC737F1-C7A5-4376-A066-2A32D752A2FF}</UniqueIdentifier>
      <Extensions>cpp;c;cc;cxx;def;odl;idl;hpj;bat;asm;asmx</Extensions>
    </Filter>
    <Filter Include="Header Files">
      <UniqueIdentifier>{93995380-89BD-4b04-88EB-625FBE52EBFB}</UniqueIdentifier>
      <Extensions>h;hh;hpp;hxx;hm;inl;inc;xsd</Extensions>
    </Filter>
    <Filter Include="libh">
      <UniqueIdentifier>{c4768e6a-40b5-45b2-90a9-36cd6cdb8099}</UniqueIdentifier>
    </Filter>
    <Filter Include="Source Files\libs">
      <UniqueIdentifier>{ebf7be5b-8478-4fc6-a440-80c180284a8a}</UniqueIdentifier>
    </Filter>
    <Filter Include="Source Files\nanovg">
      <UniqueIdentifier>{f5c0f4e2-e42f-4d4d-b7ec-ccb440b72fd5}</UniqueIdentifier>
    </Filter>
    <Filter Include="hpp">
      <UniqueIdentifier>{596426ab-f120-4f4f-814d-e66299b805e1}</UniqueIdentifier>
    </Filter>
  </ItemGroup>
  <ItemGroup>
    <ClCompile Include="nanovg_test.cpp">
      <Filter>Source Files</Filter>
    </ClCompile>
    <ClCompile Include="glew.c">
      <Filter>Source Files\libs</Filter>
    </ClCompile>
    <ClCompile Include="glfw.c">
      <Filter>Source Files\libs</Filter>
    </ClCompile>
    <ClCompile Include="..\nanovg-master\src\nanovg.c">
      <Filter>Source Files\nanovg</Filter>
    </ClCompile>
    <ClCompile Include="Jzon.cpp">
      <Filter>Source Files</Filter>
    </ClCompile>
  </ItemGroup>
  <ItemGroup>
    <ClInclude Include="..\nanovg-master\src\fontstash.h">
      <Filter>Header Files</Filter>
    </ClInclude>
    <ClInclude Include="..\nanovg-master\src\nanovg.h">
      <Filter>Header Files</Filter>
    </ClInclude>
    <ClInclude Include="..\nanovg-master\src\nanovg_gl.h">
      <Filter>Header Files</Filter>
    </ClInclude>
    <ClInclude Include="..\nanovg-master\src\nanovg_gl_utils.h">
      <Filter>Header Files</Filter>
    </ClInclude>
    <ClInclude Include="..\nanovg-master\src\stb_image.h">
      <Filter>Header Files</Filter>
    </ClInclude>
    <ClInclude Include="..\nanovg-master\src\stb_truetype.h">
      <Filter>Header Files</Filter>
    </ClInclude>
    <ClInclude Include="glfw_3.2.1.h">
      <Filter>libh</Filter>
    </ClInclude>
    <ClInclude Include="glew_2.0.0.h">
      <Filter>libh</Filter>
    </ClInclude>
    <ClInclude Include="..\nanovg-master\example\demo.h">
      <Filter>Header Files</Filter>
    </ClInclude>
    <ClInclude Include="vec.hpp">
      <Filter>hpp</Filter>
    </ClInclude>
    <ClInclude Include="picojson.h">
      <Filter>Header Files</Filter>
    </ClInclude>
  </ItemGroup>
</Project>