
Microsoft Visual Studio Solution File, Format Version 12.00
# Visual Studio 15
VisualStudioVersion = 15.0.27130.2010
MinimumVisualStudioVersion = 10.0.40219.1
Project("{8BC9CEB8-8B4A-11D0-8D11-00A0C91BC942}") = "http", "http.vcxproj", "{AE603450-3363-424F-9E10-807A00674E39}"
EndProject
Global
	GlobalSection(SolutionConfigurationPlatforms) = preSolution
		Debug|x64 = Debug|x64
		Release|x64 = Release|x64
	EndGlobalSection
	GlobalSection(ProjectConfigurationPlatforms) = postSolution
		{AE603450-3363-424F-9E10-807A00674E39}.Debug|x64.ActiveCfg = Debug|x64
		{AE603450-3363-424F-9E10-807A00674E39}.Debug|x64.Build.0 = Debug|x64
		{AE603450-3363-424F-9E10-807A00674E39}.Release|x64.ActiveCfg = Release|x64
		{AE603450-3363-424F-9E10-807A00674E39}.Release|x64.Build.0 = Release|x64
	EndGlobalSection
	GlobalSection(SolutionProperties) = preSolution
		HideSolutionNode = FALSE
	EndGlobalSection
	GlobalSection(ExtensibilityGlobals) = postSolution
		SolutionGuid = {96A67101-159D-44E4-8AD4-984532395B41}
	EndGlobalSection
EndGlobal
