<?xml version="1.0" encoding="utf-8"?>
<Project ToolsVersion="4.0" xmlns="http://schemas.microsoft.com/developer/msbuild/2003">
  <ItemGroup>
    <ClCompile Include="happyhttp.cpp">
      <Filter>Source Files</Filter>
    </ClCompile>
    <ClCompile Include="http.cpp">
      <Filter>Source Files</Filter>
    </ClCompile>
    <ClCompile Include="tinyxml2.cpp">
      <Filter>Source Files</Filter>
    </ClCompile>
  </ItemGroup>
  <ItemGroup>
    <Filter Include="Source Files">
      <UniqueIdentifier>{b190fcf9-60f2-4f54-9934-a23c3429128e}</UniqueIdentifier>
    </Filter>
    <Filter Include="h">
      <UniqueIdentifier>{df509a9b-389b-4def-837e-4e8214d678f1}</UniqueIdentifier>
    </Filter>
  </ItemGroup>
  <ItemGroup>
    <ClInclude Include="happyhttp.h">
      <Filter>h</Filter>
    </ClInclude>
    <ClInclude Include="tinyxml2.h">
      <Filter>h</Filter>
    </ClInclude>
    <ClInclude Include="..\..\no_rt_util.h">
      <Filter>h</Filter>
    </ClInclude>
  </ItemGroup>
</Project>