<?xml version="1.0" encoding="utf-8"?>
<Project ToolsVersion="4.0" xmlns="http://schemas.microsoft.com/developer/msbuild/2003">
  <ItemGroup>
    <Filter Include="Source Files">
      <UniqueIdentifier>{4FC737F1-C7A5-4376-A066-2A32D752A2FF}</UniqueIdentifier>
      <Extensions>cpp;c;cc;cxx;def;odl;idl;hpj;bat;asm;asmx</Extensions>
    </Filter>
    <Filter Include="Header Files">
      <UniqueIdentifier>{93995380-89BD-4b04-88EB-625FBE52EBFB}</UniqueIdentifier>
      <Extensions>h;hh;hpp;hxx;hm;inl;inc;xsd</Extensions>
    </Filter>
    <Filter Include="Source Files\libctiny">
      <UniqueIdentifier>{8d08a59e-f4f6-4f8b-aeff-86436a0cde3b}</UniqueIdentifier>
    </Filter>
    <Filter Include="Header Files\libctiny">
      <UniqueIdentifier>{1cb56856-e375-40b0-b373-d0bad08772f9}</UniqueIdentifier>
    </Filter>
    <Filter Include="Source Files\libctiny_excluded">
      <UniqueIdentifier>{60d8583a-1ec0-4389-ab50-c6a07de87399}</UniqueIdentifier>
    </Filter>
    <Filter Include="Source Files\dlmalloc">
      <UniqueIdentifier>{19694fea-e762-4da3-aeea-63fffaee28ff}</UniqueIdentifier>
    </Filter>
  </ItemGroup>
  <ItemGroup>
    <ClCompile Include="main.cpp">
      <Filter>Source Files</Filter>
    </ClCompile>
    <ClCompile Include="NEWDEL.CPP">
      <Filter>Source Files\libctiny</Filter>
    </ClCompile>
    <ClCompile Include="argcargv.cpp">
      <Filter>Source Files\libctiny</Filter>
    </ClCompile>
    <ClCompile Include="CRT0TCON.cpp">
      <Filter>Source Files\libctiny</Filter>
    </ClCompile>
    <ClCompile Include="initterm.cpp">
      <Filter>Source Files\libctiny</Filter>
    </ClCompile>
    <ClCompile Include="ALLOC.cpp">
      <Filter>Source Files\libctiny_excluded</Filter>
    </ClCompile>
    <ClCompile Include="ALLOC2.cpp">
      <Filter>Source Files\libctiny_excluded</Filter>
    </ClCompile>
    <ClCompile Include="ALLOCSUP.cpp">
      <Filter>Source Files\libctiny_excluded</Filter>
    </ClCompile>
    <ClCompile Include="ATOL.cpp">
      <Filter>Source Files\libctiny_excluded</Filter>
    </ClCompile>
    <ClCompile Include="CRT0TWIN.cpp">
      <Filter>Source Files\libctiny_excluded</Filter>
    </ClCompile>
    <ClCompile Include="ISCTYPE.cpp">
      <Filter>Source Files\libctiny_excluded</Filter>
    </ClCompile>
    <ClCompile Include="printf.cpp">
      <Filter>Source Files\libctiny_excluded</Filter>
    </ClCompile>
    <ClCompile Include="puts.cpp">
      <Filter>Source Files\libctiny_excluded</Filter>
    </ClCompile>
    <ClCompile Include="sprintf.cpp">
      <Filter>Source Files\libctiny_excluded</Filter>
    </ClCompile>
    <ClCompile Include="stricmp.cpp">
      <Filter>Source Files\libctiny_excluded</Filter>
    </ClCompile>
    <ClCompile Include="struplwr.cpp">
      <Filter>Source Files\libctiny_excluded</Filter>
    </ClCompile>
    <ClCompile Include="malloc.c">
      <Filter>Source Files\dlmalloc</Filter>
    </ClCompile>
  </ItemGroup>
  <ItemGroup>
    <ClInclude Include="no_rt_util.h">
      <Filter>Header Files</Filter>
    </ClInclude>
    <ClInclude Include="initterm.h">
      <Filter>Header Files\libctiny</Filter>
    </ClInclude>
    <ClInclude Include="argcargv.h">
      <Filter>Header Files\libctiny</Filter>
    </ClInclude>
  </ItemGroup>
</Project>