<?xml version="1.0" encoding="utf-8"?>
<Project ToolsVersion="4.0" xmlns="http://schemas.microsoft.com/developer/msbuild/2003">
  <ItemGroup>
    <Filter Include="Source Files">
      <UniqueIdentifier>{4FC737F1-C7A5-4376-A066-2A32D752A2FF}</UniqueIdentifier>
      <Extensions>cpp;c;cc;cxx;def;odl;idl;hpj;bat;asm;asmx</Extensions>
    </Filter>
    <Filter Include="Header Files">
      <UniqueIdentifier>{93995380-89BD-4b04-88EB-625FBE52EBFB}</UniqueIdentifier>
      <Extensions>h;hh;hpp;hxx;hm;inl;inc;xsd</Extensions>
    </Filter>
    <Filter Include="hpp">
      <UniqueIdentifier>{b9329346-d814-4303-9bca-b0286de2fbbe}</UniqueIdentifier>
    </Filter>
  </ItemGroup>
  <ItemGroup>
    <ClInclude Include="update_test_data.hpp">
      <Filter>hpp</Filter>
    </ClInclude>
    <ClInclude Include="update_test_generators.hpp">
      <Filter>hpp</Filter>
    </ClInclude>
    <ClInclude Include="..\..\DataStore\ConcurrentMap\simdb.hpp">
      <Filter>hpp</Filter>
    </ClInclude>
    <ClInclude Include="C:\Program Files (x86)\Windows Kits\8.1\Include\shared\ntdef.h">
      <Filter>Header Files</Filter>
    </ClInclude>
    <ClInclude Include="C:\Program Files (x86)\Windows Kits\8.1\Include\shared\ntstatus.h">
      <Filter>Header Files</Filter>
    </ClInclude>
  </ItemGroup>
  <ItemGroup>
    <ClCompile Include="update_test.cpp">
      <Filter>Source Files</Filter>
    </ClCompile>
  </ItemGroup>
</Project>